// !$*UTF8*$!
{
	archiveVersion = 1;
	classes = {
	};
	objectVersion = 50;
	objects = {

/* Begin PBXBuildFile section */
		A2E55AE3DCBF10F8E08CE38C /* libPods-DaMeiYinHang.a in Frameworks */ = {isa = PBXBuildFile; fileRef = 4D0ED788CA319E4AC9524657 /* libPods-DaMeiYinHang.a */; };
		AB564FF920AEB7A0003215D0 /* Default-568h@2x.png in Resources */ = {isa = PBXBuildFile; fileRef = AB564FF820AEB7A0003215D0 /* Default-568h@2x.png */; };
		AB564FFC20AEB7C2003215D0 /* UIViewController+Log.m in Sources */ = {isa = PBXBuildFile; fileRef = AB564FFB20AEB7C2003215D0 /* UIViewController+Log.m */; };
		AB56500920AEC1D7003215D0 /* UIView+l_xywh.m in Sources */ = {isa = PBXBuildFile; fileRef = AB56500820AEC1D7003215D0 /* UIView+l_xywh.m */; };
		AB56500B20AECA59003215D0 /* account.storyboard in Resources */ = {isa = PBXBuildFile; fileRef = AB56500A20AECA59003215D0 /* account.storyboard */; };
		AB56500D20AECC10003215D0 /* find.storyboard in Resources */ = {isa = PBXBuildFile; fileRef = AB56500C20AECC10003215D0 /* find.storyboard */; };
		AB6563BD20ABE044008904EB /* AppDelegate.m in Sources */ = {isa = PBXBuildFile; fileRef = AB6563BC20ABE044008904EB /* AppDelegate.m */; };
		AB6563C020ABE044008904EB /* AccountViewController.m in Sources */ = {isa = PBXBuildFile; fileRef = AB6563BF20ABE044008904EB /* AccountViewController.m */; };
		AB6563C320ABE044008904EB /* FindViewController.m in Sources */ = {isa = PBXBuildFile; fileRef = AB6563C220ABE044008904EB /* FindViewController.m */; };
		AB6563C620ABE044008904EB /* Main.storyboard in Resources */ = {isa = PBXBuildFile; fileRef = AB6563C420ABE044008904EB /* Main.storyboard */; };
		AB6563C820ABE049008904EB /* Assets.xcassets in Resources */ = {isa = PBXBuildFile; fileRef = AB6563C720ABE049008904EB /* Assets.xcassets */; };
		AB6563CB20ABE049008904EB /* LaunchScreen.storyboard in Resources */ = {isa = PBXBuildFile; fileRef = AB6563C920ABE049008904EB /* LaunchScreen.storyboard */; };
		AB6563CE20ABE049008904EB /* main.m in Sources */ = {isa = PBXBuildFile; fileRef = AB6563CD20ABE049008904EB /* main.m */; };
		AB73CB4E20B517A2000F5D91 /* AccountRecord.m in Sources */ = {isa = PBXBuildFile; fileRef = AB73CB4D20B517A2000F5D91 /* AccountRecord.m */; };
		AB73CB5120B51899000F5D91 /* BankCard.m in Sources */ = {isa = PBXBuildFile; fileRef = AB73CB5020B51899000F5D91 /* BankCard.m */; };
		AB73CB5420B51B3A000F5D91 /* User.m in Sources */ = {isa = PBXBuildFile; fileRef = AB73CB5320B51B3A000F5D91 /* User.m */; };
		AB7EA0E820B3BEE8005FDC6C /* SuperViewController.m in Sources */ = {isa = PBXBuildFile; fileRef = AB7EA0E720B3BEE8005FDC6C /* SuperViewController.m */; };
		AB7EA0EC20B40B22005FDC6C /* DateBaseService.m in Sources */ = {isa = PBXBuildFile; fileRef = AB7EA0EB20B40B22005FDC6C /* DateBaseService.m */; };
		AB7EA0F120B417FC005FDC6C /* account_book_table.sql in Resources */ = {isa = PBXBuildFile; fileRef = AB7EA0F020B417FC005FDC6C /* account_book_table.sql */; };
		AB7EA0F620B42278005FDC6C /* bank_id_table.sql in Resources */ = {isa = PBXBuildFile; fileRef = AB7EA0F520B42278005FDC6C /* bank_id_table.sql */; };
		AB9247FA20DA37C800AD5BF6 /* Test.m in Sources */ = {isa = PBXBuildFile; fileRef = AB9247F920DA37C800AD5BF6 /* Test.m */; };
		ABCAC7D520B265FF00A86E3A /* add.storyboard in Resources */ = {isa = PBXBuildFile; fileRef = ABCAC7D420B265FF00A86E3A /* add.storyboard */; };
		ABCAC7DE20B26AB600A86E3A /* AddTabBarController.m in Sources */ = {isa = PBXBuildFile; fileRef = ABCAC7DD20B26AB600A86E3A /* AddTabBarController.m */; };
		ABCAC7E120B271C800A86E3A /* AddViewController.m in Sources */ = {isa = PBXBuildFile; fileRef = ABCAC7E020B271C800A86E3A /* AddViewController.m */; };
/* End PBXBuildFile section */

/* Begin PBXFileReference section */
		4D0ED788CA319E4AC9524657 /* libPods-DaMeiYinHang.a */ = {isa = PBXFileReference; explicitFileType = archive.ar; includeInIndex = 0; path = "libPods-DaMeiYinHang.a"; sourceTree = BUILT_PRODUCTS_DIR; };
		A3C6A597897003919122C611 /* Pods-DaMeiYinHang.release.xcconfig */ = {isa = PBXFileReference; includeInIndex = 1; lastKnownFileType = text.xcconfig; name = "Pods-DaMeiYinHang.release.xcconfig"; path = "Pods/Target Support Files/Pods-DaMeiYinHang/Pods-DaMeiYinHang.release.xcconfig"; sourceTree = "<group>"; };
		AB564FEE20AEAC21003215D0 /* DaMeiYinHang-Prefix.pch */ = {isa = PBXFileReference; lastKnownFileType = sourcecode.c.h; path = "DaMeiYinHang-Prefix.pch"; sourceTree = "<group>"; };
		AB564FF820AEB7A0003215D0 /* Default-568h@2x.png */ = {isa = PBXFileReference; lastKnownFileType = image.png; path = "Default-568h@2x.png"; sourceTree = "<group>"; };
		AB564FFA20AEB7C2003215D0 /* UIViewController+Log.h */ = {isa = PBXFileReference; fileEncoding = 4; lastKnownFileType = sourcecode.c.h; path = "UIViewController+Log.h"; sourceTree = "<group>"; };
		AB564FFB20AEB7C2003215D0 /* UIViewController+Log.m */ = {isa = PBXFileReference; fileEncoding = 4; lastKnownFileType = sourcecode.c.objc; path = "UIViewController+Log.m"; sourceTree = "<group>"; };
		AB56500420AEBD44003215D0 /* DMGlobalConfig.h */ = {isa = PBXFileReference; lastKnownFileType = sourcecode.c.h; path = DMGlobalConfig.h; sourceTree = "<group>"; };
		AB56500620AEC05D003215D0 /* DMUIGlobalDefine.h */ = {isa = PBXFileReference; lastKnownFileType = sourcecode.c.h; path = DMUIGlobalDefine.h; sourceTree = "<group>"; };
		AB56500720AEC1D7003215D0 /* UIView+l_xywh.h */ = {isa = PBXFileReference; fileEncoding = 4; lastKnownFileType = sourcecode.c.h; path = "UIView+l_xywh.h"; sourceTree = "<group>"; };
		AB56500820AEC1D7003215D0 /* UIView+l_xywh.m */ = {isa = PBXFileReference; fileEncoding = 4; lastKnownFileType = sourcecode.c.objc; path = "UIView+l_xywh.m"; sourceTree = "<group>"; };
		AB56500A20AECA59003215D0 /* account.storyboard */ = {isa = PBXFileReference; lastKnownFileType = file.storyboard; path = account.storyboard; sourceTree = "<group>"; };
		AB56500C20AECC10003215D0 /* find.storyboard */ = {isa = PBXFileReference; lastKnownFileType = file.storyboard; path = find.storyboard; sourceTree = "<group>"; };
		AB6563B820ABE044008904EB /* DaMeiYinHang.app */ = {isa = PBXFileReference; explicitFileType = wrapper.application; includeInIndex = 0; path = DaMeiYinHang.app; sourceTree = BUILT_PRODUCTS_DIR; };
		AB6563BB20ABE044008904EB /* AppDelegate.h */ = {isa = PBXFileReference; lastKnownFileType = sourcecode.c.h; path = AppDelegate.h; sourceTree = "<group>"; };
		AB6563BC20ABE044008904EB /* AppDelegate.m */ = {isa = PBXFileReference; lastKnownFileType = sourcecode.c.objc; path = AppDelegate.m; sourceTree = "<group>"; };
		AB6563BE20ABE044008904EB /* AccountViewController.h */ = {isa = PBXFileReference; lastKnownFileType = sourcecode.c.h; path = AccountViewController.h; sourceTree = "<group>"; };
		AB6563BF20ABE044008904EB /* AccountViewController.m */ = {isa = PBXFileReference; lastKnownFileType = sourcecode.c.objc; path = AccountViewController.m; sourceTree = "<group>"; };
		AB6563C120ABE044008904EB /* FindViewController.h */ = {isa = PBXFileReference; lastKnownFileType = sourcecode.c.h; path = FindViewController.h; sourceTree = "<group>"; };
		AB6563C220ABE044008904EB /* FindViewController.m */ = {isa = PBXFileReference; lastKnownFileType = sourcecode.c.objc; path = FindViewController.m; sourceTree = "<group>"; };
		AB6563C520ABE044008904EB /* Base */ = {isa = PBXFileReference; lastKnownFileType = file.storyboard; name = Base; path = Base.lproj/Main.storyboard; sourceTree = "<group>"; };
		AB6563C720ABE049008904EB /* Assets.xcassets */ = {isa = PBXFileReference; lastKnownFileType = folder.assetcatalog; path = Assets.xcassets; sourceTree = "<group>"; };
		AB6563CA20ABE049008904EB /* Base */ = {isa = PBXFileReference; lastKnownFileType = file.storyboard; name = Base; path = Base.lproj/LaunchScreen.storyboard; sourceTree = "<group>"; };
		AB6563CC20ABE049008904EB /* Info.plist */ = {isa = PBXFileReference; lastKnownFileType = text.plist.xml; path = Info.plist; sourceTree = "<group>"; };
		AB6563CD20ABE049008904EB /* main.m */ = {isa = PBXFileReference; lastKnownFileType = sourcecode.c.objc; path = main.m; sourceTree = "<group>"; };
		AB73CB4C20B517A2000F5D91 /* AccountRecord.h */ = {isa = PBXFileReference; lastKnownFileType = sourcecode.c.h; path = AccountRecord.h; sourceTree = "<group>"; };
		AB73CB4D20B517A2000F5D91 /* AccountRecord.m */ = {isa = PBXFileReference; lastKnownFileType = sourcecode.c.objc; path = AccountRecord.m; sourceTree = "<group>"; };
		AB73CB4F20B51899000F5D91 /* BankCard.h */ = {isa = PBXFileReference; lastKnownFileType = sourcecode.c.h; path = BankCard.h; sourceTree = "<group>"; };
		AB73CB5020B51899000F5D91 /* BankCard.m */ = {isa = PBXFileReference; lastKnownFileType = sourcecode.c.objc; path = BankCard.m; sourceTree = "<group>"; };
		AB73CB5220B51B3A000F5D91 /* User.h */ = {isa = PBXFileReference; lastKnownFileType = sourcecode.c.h; path = User.h; sourceTree = "<group>"; };
		AB73CB5320B51B3A000F5D91 /* User.m */ = {isa = PBXFileReference; lastKnownFileType = sourcecode.c.objc; path = User.m; sourceTree = "<group>"; };
		AB7EA0E620B3BEE8005FDC6C /* SuperViewController.h */ = {isa = PBXFileReference; lastKnownFileType = sourcecode.c.h; path = SuperViewController.h; sourceTree = "<group>"; };
		AB7EA0E720B3BEE8005FDC6C /* SuperViewController.m */ = {isa = PBXFileReference; lastKnownFileType = sourcecode.c.objc; path = SuperViewController.m; sourceTree = "<group>"; };
		AB7EA0EA20B40B22005FDC6C /* DateBaseService.h */ = {isa = PBXFileReference; lastKnownFileType = sourcecode.c.h; path = DateBaseService.h; sourceTree = "<group>"; };
		AB7EA0EB20B40B22005FDC6C /* DateBaseService.m */ = {isa = PBXFileReference; lastKnownFileType = sourcecode.c.objc; path = DateBaseService.m; sourceTree = "<group>"; };
		AB7EA0F020B417FC005FDC6C /* account_book_table.sql */ = {isa = PBXFileReference; fileEncoding = 4; lastKnownFileType = text; path = account_book_table.sql; sourceTree = "<group>"; };
		AB7EA0F520B42278005FDC6C /* bank_id_table.sql */ = {isa = PBXFileReference; fileEncoding = 4; lastKnownFileType = text; path = bank_id_table.sql; sourceTree = "<group>"; };
		AB9247F820DA37C800AD5BF6 /* Test.h */ = {isa = PBXFileReference; lastKnownFileType = sourcecode.c.h; path = Test.h; sourceTree = "<group>"; };
		AB9247F920DA37C800AD5BF6 /* Test.m */ = {isa = PBXFileReference; lastKnownFileType = sourcecode.c.objc; path = Test.m; sourceTree = "<group>"; };
		ABCAC7D420B265FF00A86E3A /* add.storyboard */ = {isa = PBXFileReference; lastKnownFileType = file.storyboard; path = add.storyboard; sourceTree = "<group>"; };
		ABCAC7DC20B26AB600A86E3A /* AddTabBarController.h */ = {isa = PBXFileReference; lastKnownFileType = sourcecode.c.h; path = AddTabBarController.h; sourceTree = "<group>"; };
		ABCAC7DD20B26AB600A86E3A /* AddTabBarController.m */ = {isa = PBXFileReference; lastKnownFileType = sourcecode.c.objc; path = AddTabBarController.m; sourceTree = "<group>"; };
		ABCAC7DF20B271C800A86E3A /* AddViewController.h */ = {isa = PBXFileReference; lastKnownFileType = sourcecode.c.h; path = AddViewController.h; sourceTree = "<group>"; };
		ABCAC7E020B271C800A86E3A /* AddViewController.m */ = {isa = PBXFileReference; lastKnownFileType = sourcecode.c.objc; path = AddViewController.m; sourceTree = "<group>"; };
		D0B9E6792A739A0B4034DFC4 /* Pods-DaMeiYinHang.debug.xcconfig */ = {isa = PBXFileReference; includeInIndex = 1; lastKnownFileType = text.xcconfig; name = "Pods-DaMeiYinHang.debug.xcconfig"; path = "Pods/Target Support Files/Pods-DaMeiYinHang/Pods-DaMeiYinHang.debug.xcconfig"; sourceTree = "<group>"; };
/* End PBXFileReference section */

/* Begin PBXFrameworksBuildPhase section */
		AB6563B520ABE044008904EB /* Frameworks */ = {
			isa = PBXFrameworksBuildPhase;
			buildActionMask = 2147483647;
			files = (
				A2E55AE3DCBF10F8E08CE38C /* libPods-DaMeiYinHang.a in Frameworks */,
			);
			runOnlyForDeploymentPostprocessing = 0;
		};
/* End PBXFrameworksBuildPhase section */

/* Begin PBXGroup section */
		0BB57F5AC508771FDE268A7C /* Pods */ = {
			isa = PBXGroup;
			children = (
				D0B9E6792A739A0B4034DFC4 /* Pods-DaMeiYinHang.debug.xcconfig */,
				A3C6A597897003919122C611 /* Pods-DaMeiYinHang.release.xcconfig */,
			);
			name = Pods;
			sourceTree = "<group>";
		};
		8DC8D311A02D8514D4605ECB /* Frameworks */ = {
			isa = PBXGroup;
			children = (
				4D0ED788CA319E4AC9524657 /* libPods-DaMeiYinHang.a */,
			);
			name = Frameworks;
			sourceTree = "<group>";
		};
		AB564FEF20AEB087003215D0 /* Others */ = {
			isa = PBXGroup;
			children = (
				AB6563CD20ABE049008904EB /* main.m */,
				AB6563CC20ABE049008904EB /* Info.plist */,
				AB6563C420ABE044008904EB /* Main.storyboard */,
				ABCAC7DC20B26AB600A86E3A /* AddTabBarController.h */,
				ABCAC7DD20B26AB600A86E3A /* AddTabBarController.m */,
				AB6563C920ABE049008904EB /* LaunchScreen.storyboard */,
				AB6563BB20ABE044008904EB /* AppDelegate.h */,
				AB6563BC20ABE044008904EB /* AppDelegate.m */,
				AB564FEE20AEAC21003215D0 /* DaMeiYinHang-Prefix.pch */,
				AB56500420AEBD44003215D0 /* DMGlobalConfig.h */,
				AB56500620AEC05D003215D0 /* DMUIGlobalDefine.h */,
				AB9247F820DA37C800AD5BF6 /* Test.h */,
				AB9247F920DA37C800AD5BF6 /* Test.m */,
			);
			path = Others;
			sourceTree = "<group>";
		};
		AB564FF020AEB0C1003215D0 /* Resource */ = {
			isa = PBXGroup;
			children = (
				AB6563C720ABE049008904EB /* Assets.xcassets */,
			);
			path = Resource;
			sourceTree = "<group>";
		};
		AB564FF120AEB0E2003215D0 /* View */ = {
			isa = PBXGroup;
			children = (
				AB56500A20AECA59003215D0 /* account.storyboard */,
				AB6563BE20ABE044008904EB /* AccountViewController.h */,
				AB6563BF20ABE044008904EB /* AccountViewController.m */,
				AB56500C20AECC10003215D0 /* find.storyboard */,
				AB6563C120ABE044008904EB /* FindViewController.h */,
				AB6563C220ABE044008904EB /* FindViewController.m */,
				ABCAC7D420B265FF00A86E3A /* add.storyboard */,
				ABCAC7DF20B271C800A86E3A /* AddViewController.h */,
				ABCAC7E020B271C800A86E3A /* AddViewController.m */,
				AB7EA0E620B3BEE8005FDC6C /* SuperViewController.h */,
				AB7EA0E720B3BEE8005FDC6C /* SuperViewController.m */,
			);
			path = View;
			sourceTree = "<group>";
		};
		AB564FF720AEB6F6003215D0 /* Util */ = {
			isa = PBXGroup;
			children = (
				AB56500720AEC1D7003215D0 /* UIView+l_xywh.h */,
				AB56500820AEC1D7003215D0 /* UIView+l_xywh.m */,
				AB564FFA20AEB7C2003215D0 /* UIViewController+Log.h */,
				AB564FFB20AEB7C2003215D0 /* UIViewController+Log.m */,
			);
			path = Util;
			sourceTree = "<group>";
		};
		AB564FFD20AEBC03003215D0 /* Model */ = {
			isa = PBXGroup;
			children = (
				AB73CB4C20B517A2000F5D91 /* AccountRecord.h */,
				AB73CB4D20B517A2000F5D91 /* AccountRecord.m */,
				AB73CB4F20B51899000F5D91 /* BankCard.h */,
				AB73CB5020B51899000F5D91 /* BankCard.m */,
				AB73CB5220B51B3A000F5D91 /* User.h */,
				AB73CB5320B51B3A000F5D91 /* User.m */,
			);
			path = Model;
			sourceTree = "<group>";
		};
		AB56500320AEBC42003215D0 /* ViewModel */ = {
			isa = PBXGroup;
			children = (
			);
			path = ViewModel;
			sourceTree = "<group>";
		};
		AB6563AF20ABE044008904EB = {
			isa = PBXGroup;
			children = (
				AB564FF820AEB7A0003215D0 /* Default-568h@2x.png */,
				AB6563BA20ABE044008904EB /* DaMeiYinHang */,
				AB6563B920ABE044008904EB /* Products */,
				0BB57F5AC508771FDE268A7C /* Pods */,
				8DC8D311A02D8514D4605ECB /* Frameworks */,
			);
			sourceTree = "<group>";
		};
		AB6563B920ABE044008904EB /* Products */ = {
			isa = PBXGroup;
			children = (
				AB6563B820ABE044008904EB /* DaMeiYinHang.app */,
			);
			name = Products;
			sourceTree = "<group>";
		};
		AB6563BA20ABE044008904EB /* DaMeiYinHang */ = {
			isa = PBXGroup;
			children = (
				AB7EA0E920B3F7CF005FDC6C /* Service */,
				AB56500320AEBC42003215D0 /* ViewModel */,
				AB564FFD20AEBC03003215D0 /* Model */,
				AB564FF120AEB0E2003215D0 /* View */,
				AB564FF020AEB0C1003215D0 /* Resource */,
				AB564FF720AEB6F6003215D0 /* Util */,
				AB564FEF20AEB087003215D0 /* Others */,
			);
			path = DaMeiYinHang;
			sourceTree = "<group>";
		};
		AB7EA0E920B3F7CF005FDC6C /* Service */ = {
			isa = PBXGroup;
			children = (
				AB7EA0F520B42278005FDC6C /* bank_id_table.sql */,
				AB7EA0F020B417FC005FDC6C /* account_book_table.sql */,
				AB7EA0EA20B40B22005FDC6C /* DateBaseService.h */,
				AB7EA0EB20B40B22005FDC6C /* DateBaseService.m */,
			);
			path = Service;
			sourceTree = "<group>";
		};
/* End PBXGroup section */

/* Begin PBXNativeTarget section */
		AB6563B720ABE044008904EB /* DaMeiYinHang */ = {
			isa = PBXNativeTarget;
			buildConfigurationList = AB6563D120ABE049008904EB /* Build configuration list for PBXNativeTarget "DaMeiYinHang" */;
			buildPhases = (
				77D87064A606F6F186F26A4A /* [CP] Check Pods Manifest.lock */,
				AB6563B420ABE044008904EB /* Sources */,
				AB6563B520ABE044008904EB /* Frameworks */,
				AB6563B620ABE044008904EB /* Resources */,
				891C1078A7BCC558DE06CDCC /* [CP] Copy Pods Resources */,
			);
			buildRules = (
			);
			dependencies = (
			);
			name = DaMeiYinHang;
			productName = DaMeiYinHang;
			productReference = AB6563B820ABE044008904EB /* DaMeiYinHang.app */;
			productType = "com.apple.product-type.application";
		};
/* End PBXNativeTarget section */

/* Begin PBXProject section */
		AB6563B020ABE044008904EB /* Project object */ = {
			isa = PBXProject;
			attributes = {
				LastUpgradeCheck = 0930;
				ORGANIZATIONNAME = "陈龙";
				TargetAttributes = {
					AB6563B720ABE044008904EB = {
						CreatedOnToolsVersion = 9.3;
					};
				};
			};
			buildConfigurationList = AB6563B320ABE044008904EB /* Build configuration list for PBXProject "DaMeiYinHang" */;
			compatibilityVersion = "Xcode 9.3";
			developmentRegion = en;
			hasScannedForEncodings = 0;
			knownRegions = (
				en,
				Base,
			);
			mainGroup = AB6563AF20ABE044008904EB;
			productRefGroup = AB6563B920ABE044008904EB /* Products */;
			projectDirPath = "";
			projectRoot = "";
			targets = (
				AB6563B720ABE044008904EB /* DaMeiYinHang */,
			);
		};
/* End PBXProject section */

/* Begin PBXResourcesBuildPhase section */
		AB6563B620ABE044008904EB /* Resources */ = {
			isa = PBXResourcesBuildPhase;
			buildActionMask = 2147483647;
			files = (
				AB56500B20AECA59003215D0 /* account.storyboard in Resources */,
				AB7EA0F620B42278005FDC6C /* bank_id_table.sql in Resources */,
				AB6563CB20ABE049008904EB /* LaunchScreen.storyboard in Resources */,
				AB7EA0F120B417FC005FDC6C /* account_book_table.sql in Resources */,
				AB564FF920AEB7A0003215D0 /* Default-568h@2x.png in Resources */,
				ABCAC7D520B265FF00A86E3A /* add.storyboard in Resources */,
				AB6563C820ABE049008904EB /* Assets.xcassets in Resources */,
				AB56500D20AECC10003215D0 /* find.storyboard in Resources */,
				AB6563C620ABE044008904EB /* Main.storyboard in Resources */,
			);
			runOnlyForDeploymentPostprocessing = 0;
		};
/* End PBXResourcesBuildPhase section */

/* Begin PBXShellScriptBuildPhase section */
		77D87064A606F6F186F26A4A /* [CP] Check Pods Manifest.lock */ = {
			isa = PBXShellScriptBuildPhase;
			buildActionMask = 2147483647;
			files = (
			);
			inputPaths = (
				"${PODS_PODFILE_DIR_PATH}/Podfile.lock",
				"${PODS_ROOT}/Manifest.lock",
			);
			name = "[CP] Check Pods Manifest.lock";
			outputPaths = (
				"$(DERIVED_FILE_DIR)/Pods-DaMeiYinHang-checkManifestLockResult.txt",
			);
			runOnlyForDeploymentPostprocessing = 0;
			shellPath = /bin/sh;
			shellScript = "diff \"${PODS_PODFILE_DIR_PATH}/Podfile.lock\" \"${PODS_ROOT}/Manifest.lock\" > /dev/null\nif [ $? != 0 ] ; then\n    # print error to STDERR\n    echo \"error: The sandbox is not in sync with the Podfile.lock. Run 'pod install' or update your CocoaPods installation.\" >&2\n    exit 1\nfi\n# This output is used by Xcode 'outputs' to avoid re-running this script phase.\necho \"SUCCESS\" > \"${SCRIPT_OUTPUT_FILE_0}\"\n";
			showEnvVarsInLog = 0;
		};
		891C1078A7BCC558DE06CDCC /* [CP] Copy Pods Resources */ = {
			isa = PBXShellScriptBuildPhase;
			buildActionMask = 2147483647;
			files = (
			);
			inputPaths = (
				"${SRCROOT}/Pods/Target Support Files/Pods-DaMeiYinHang/Pods-DaMeiYinHang-resources.sh",
				"${PODS_ROOT}/IQKeyboardManager/IQKeyBoardManager/Resources/IQKeyboardManager.bundle",
				"${PODS_ROOT}/WebViewJavascriptBridge/WebViewJavascriptBridge/WebViewJavascriptBridge.js.txt",
			);
			name = "[CP] Copy Pods Resources";
			outputPaths = (
				"${TARGET_BUILD_DIR}/${UNLOCALIZED_RESOURCES_FOLDER_PATH}/IQKeyboardManager.bundle",
				"${TARGET_BUILD_DIR}/${UNLOCALIZED_RESOURCES_FOLDER_PATH}/WebViewJavascriptBridge.js.txt",
			);
			runOnlyForDeploymentPostprocessing = 0;
			shellPath = /bin/sh;
			shellScript = "\"${SRCROOT}/Pods/Target Support Files/Pods-DaMeiYinHang/Pods-DaMeiYinHang-resources.sh\"\n";
			showEnvVarsInLog = 0;
		};
/* End PBXShellScriptBuildPhase section */

/* Begin PBXSourcesBuildPhase section */
		AB6563B420ABE044008904EB /* Sources */ = {
			isa = PBXSourcesBuildPhase;
			buildActionMask = 2147483647;
			files = (
				AB73CB5420B51B3A000F5D91 /* User.m in Sources */,
				AB6563C320ABE044008904EB /* FindViewController.m in Sources */,
				AB56500920AEC1D7003215D0 /* UIView+l_xywh.m in Sources */,
				AB73CB4E20B517A2000F5D91 /* AccountRecord.m in Sources */,
				ABCAC7DE20B26AB600A86E3A /* AddTabBarController.m in Sources */,
				AB6563BD20ABE044008904EB /* AppDelegate.m in Sources */,
				AB7EA0EC20B40B22005FDC6C /* DateBaseService.m in Sources */,
				AB6563CE20ABE049008904EB /* main.m in Sources */,
				AB7EA0E820B3BEE8005FDC6C /* SuperViewController.m in Sources */,
				AB6563C020ABE044008904EB /* AccountViewController.m in Sources */,
				ABCAC7E120B271C800A86E3A /* AddViewController.m in Sources */,
				AB9247FA20DA37C800AD5BF6 /* Test.m in Sources */,
				AB564FFC20AEB7C2003215D0 /* UIViewController+Log.m in Sources */,
				AB73CB5120B51899000F5D91 /* BankCard.m in Sources */,
			);
			runOnlyForDeploymentPostprocessing = 0;
		};
/* End PBXSourcesBuildPhase section */

/* Begin PBXVariantGroup section */
		AB6563C420ABE044008904EB /* Main.storyboard */ = {
			isa = PBXVariantGroup;
			children = (
				AB6563C520ABE044008904EB /* Base */,
			);
			name = Main.storyboard;
			sourceTree = "<group>";
		};
		AB6563C920ABE049008904EB /* LaunchScreen.storyboard */ = {
			isa = PBXVariantGroup;
			children = (
				AB6563CA20ABE049008904EB /* Base */,
			);
			name = LaunchScreen.storyboard;
			sourceTree = "<group>";
		};
/* End PBXVariantGroup section */

/* Begin XCBuildConfiguration section */
		AB6563CF20ABE049008904EB /* Debug */ = {
			isa = XCBuildConfiguration;
			buildSettings = {
				ALWAYS_SEARCH_USER_PATHS = NO;
				CLANG_ANALYZER_NONNULL = YES;
				CLANG_ANALYZER_NUMBER_OBJECT_CONVERSION = YES_AGGRESSIVE;
				CLANG_CXX_LANGUAGE_STANDARD = "gnu++14";
				CLANG_CXX_LIBRARY = "libc++";
				CLANG_ENABLE_MODULES = YES;
				CLANG_ENABLE_OBJC_ARC = YES;
				CLANG_ENABLE_OBJC_WEAK = YES;
				CLANG_WARN_BLOCK_CAPTURE_AUTORELEASING = YES;
				CLANG_WARN_BOOL_CONVERSION = YES;
				CLANG_WARN_COMMA = YES;
				CLANG_WARN_CONSTANT_CONVERSION = YES;
				CLANG_WARN_DEPRECATED_OBJC_IMPLEMENTATIONS = YES;
				CLANG_WARN_DIRECT_OBJC_ISA_USAGE = YES_ERROR;
				CLANG_WARN_DOCUMENTATION_COMMENTS = YES;
				CLANG_WARN_EMPTY_BODY = YES;
				CLANG_WARN_ENUM_CONVERSION = YES;
				CLANG_WARN_INFINITE_RECURSION = YES;
				CLANG_WARN_INT_CONVERSION = YES;
				CLANG_WARN_NON_LITERAL_NULL_CONVERSION = YES;
				CLANG_WARN_OBJC_IMPLICIT_RETAIN_SELF = YES;
				CLANG_WARN_OBJC_LITERAL_CONVERSION = YES;
				CLANG_WARN_OBJC_ROOT_CLASS = YES_ERROR;
				CLANG_WARN_RANGE_LOOP_ANALYSIS = YES;
				CLANG_WARN_STRICT_PROTOTYPES = YES;
				CLANG_WARN_SUSPICIOUS_MOVE = YES;
				CLANG_WARN_UNGUARDED_AVAILABILITY = YES_AGGRESSIVE;
				CLANG_WARN_UNREACHABLE_CODE = YES;
				CLANG_WARN__DUPLICATE_METHOD_MATCH = YES;
				CODE_SIGN_IDENTITY = "iPhone Developer";
				COPY_PHASE_STRIP = NO;
				DEBUG_INFORMATION_FORMAT = dwarf;
				ENABLE_STRICT_OBJC_MSGSEND = YES;
				ENABLE_TESTABILITY = YES;
				GCC_C_LANGUAGE_STANDARD = gnu11;
				GCC_DYNAMIC_NO_PIC = NO;
				GCC_NO_COMMON_BLOCKS = YES;
				GCC_OPTIMIZATION_LEVEL = 0;
				GCC_PREPROCESSOR_DEFINITIONS = (
					"DEBUG=1",
					"$(inherited)",
				);
				GCC_WARN_64_TO_32_BIT_CONVERSION = YES;
				GCC_WARN_ABOUT_RETURN_TYPE = YES_ERROR;
				GCC_WARN_UNDECLARED_SELECTOR = YES;
				GCC_WARN_UNINITIALIZED_AUTOS = YES_AGGRESSIVE;
				GCC_WARN_UNUSED_FUNCTION = YES;
				GCC_WARN_UNUSED_VARIABLE = YES;
				IPHONEOS_DEPLOYMENT_TARGET = 11.3;
				MTL_ENABLE_DEBUG_INFO = YES;
				ONLY_ACTIVE_ARCH = YES;
				SDKROOT = iphoneos;
			};
			name = Debug;
		};
		AB6563D020ABE049008904EB /* Release */ = {
			isa = XCBuildConfiguration;
			buildSettings = {
				ALWAYS_SEARCH_USER_PATHS = NO;
				CLANG_ANALYZER_NONNULL = YES;
				CLANG_ANALYZER_NUMBER_OBJECT_CONVERSION = YES_AGGRESSIVE;
				CLANG_CXX_LANGUAGE_STANDARD = "gnu++14";
				CLANG_CXX_LIBRARY = "libc++";
				CLANG_ENABLE_MODULES = YES;
				CLANG_ENABLE_OBJC_ARC = YES;
				CLANG_ENABLE_OBJC_WEAK = YES;
				CLANG_WARN_BLOCK_CAPTURE_AUTORELEASING = YES;
				CLANG_WARN_BOOL_CONVERSION = YES;
				CLANG_WARN_COMMA = YES;
				CLANG_WARN_CONSTANT_CONVERSION = YES;
				CLANG_WARN_DEPRECATED_OBJC_IMPLEMENTATIONS = YES;
				CLANG_WARN_DIRECT_OBJC_ISA_USAGE = YES_ERROR;
				CLANG_WARN_DOCUMENTATION_COMMENTS = YES;
				CLANG_WARN_EMPTY_BODY = YES;
				CLANG_WARN_ENUM_CONVERSION = YES;
				CLANG_WARN_INFINITE_RECURSION = YES;
				CLANG_WARN_INT_CONVERSION = YES;
				CLANG_WARN_NON_LITERAL_NULL_CONVERSION = YES;
				CLANG_WARN_OBJC_IMPLICIT_RETAIN_SELF = YES;
				CLANG_WARN_OBJC_LITERAL_CONVERSION = YES;
				CLANG_WARN_OBJC_ROOT_CLASS = YES_ERROR;
				CLANG_WARN_RANGE_LOOP_ANALYSIS = YES;
				CLANG_WARN_STRICT_PROTOTYPES = YES;
				CLANG_WARN_SUSPICIOUS_MOVE = YES;
				CLANG_WARN_UNGUARDED_AVAILABILITY = YES_AGGRESSIVE;
				CLANG_WARN_UNREACHABLE_CODE = YES;
				CLANG_WARN__DUPLICATE_METHOD_MATCH = YES;
				CODE_SIGN_IDENTITY = "iPhone Developer";
				COPY_PHASE_STRIP = NO;
				DEBUG_INFORMATION_FORMAT = "dwarf-with-dsym";
				ENABLE_NS_ASSERTIONS = NO;
				ENABLE_STRICT_OBJC_MSGSEND = YES;
				GCC_C_LANGUAGE_STANDARD = gnu11;
				GCC_NO_COMMON_BLOCKS = YES;
				GCC_WARN_64_TO_32_BIT_CONVERSION = YES;
				GCC_WARN_ABOUT_RETURN_TYPE = YES_ERROR;
				GCC_WARN_UNDECLARED_SELECTOR = YES;
				GCC_WARN_UNINITIALIZED_AUTOS = YES_AGGRESSIVE;
				GCC_WARN_UNUSED_FUNCTION = YES;
				GCC_WARN_UNUSED_VARIABLE = YES;
				IPHONEOS_DEPLOYMENT_TARGET = 11.3;
				MTL_ENABLE_DEBUG_INFO = NO;
				SDKROOT = iphoneos;
				VALIDATE_PRODUCT = YES;
			};
			name = Release;
		};
		AB6563D220ABE049008904EB /* Debug */ = {
			isa = XCBuildConfiguration;
			baseConfigurationReference = D0B9E6792A739A0B4034DFC4 /* Pods-DaMeiYinHang.debug.xcconfig */;
			buildSettings = {
				ASSETCATALOG_COMPILER_APPICON_NAME = AppIcon;
				CODE_SIGN_STYLE = Automatic;
				GCC_PREFIX_HEADER = "$(SRCROOT)/DaMeiYinHang/Others/DaMeiYinHang-Prefix.pch";
				GCC_PREPROCESSOR_DEFINITIONS = "$(inherited)";
				INFOPLIST_FILE = "$(SRCROOT)/DaMeiYinHang/Others/Info.plist";
				LD_RUNPATH_SEARCH_PATHS = (
					"$(inherited)",
					"@executable_path/Frameworks",
				);
				PRODUCT_BUNDLE_IDENTIFIER = com.DaMeiYinHang.ww;
				PRODUCT_NAME = "$(TARGET_NAME)";
				TARGETED_DEVICE_FAMILY = "1,2";
			};
			name = Debug;
		};
		AB6563D320ABE049008904EB /* Release */ = {
			isa = XCBuildConfiguration;
			baseConfigurationReference = A3C6A597897003919122C611 /* Pods-DaMeiYinHang.release.xcconfig */;
			buildSettings = {
				ASSETCATALOG_COMPILER_APPICON_NAME = AppIcon;
				CODE_SIGN_STYLE = Automatic;
				GCC_PREFIX_HEADER = "$(SRCROOT)/DaMeiYinHang/Others/DaMeiYinHang-Prefix.pch";
				INFOPLIST_FILE = "$(SRCROOT)/DaMeiYinHang/Others/Info.plist";
				LD_RUNPATH_SEARCH_PATHS = (
					"$(inherited)",
					"@executable_path/Frameworks",
				);
				PRODUCT_BUNDLE_IDENTIFIER = com.DaMeiYinHang.ww;
				PRODUCT_NAME = "$(TARGET_NAME)";
				TARGETED_DEVICE_FAMILY = "1,2";
			};
			name = Release;
		};
/* End XCBuildConfiguration section */

/* Begin XCConfigurationList section */
		AB6563B320ABE044008904EB /* Build configuration list for PBXProject "DaMeiYinHang" */ = {
			isa = XCConfigurationList;
			buildConfigurations = (
				AB6563CF20ABE049008904EB /* Debug */,
				AB6563D020ABE049008904EB /* Release */,
			);
			defaultConfigurationIsVisible = 0;
			defaultConfigurationName = Release;
		};
		AB6563D120ABE049008904EB /* Build configuration list for PBXNativeTarget "DaMeiYinHang" */ = {
			isa = XCConfigurationList;
			buildConfigurations = (
				AB6563D220ABE049008904EB /* Debug */,
				AB6563D320ABE049008904EB /* Release */,
			);
			defaultConfigurationIsVisible = 0;
			defaultConfigurationName = Release;
		};
/* End XCConfigurationList section */
	};
	rootObject = AB6563B020ABE044008904EB /* Project object */;
}
